{
    "requires": true,
    "lockfileVersion": 1,
    "dependencies": {
        "adminator": {
            "version": "1.0.0",
            "resolved": "https://registry.npmjs.org/adminator/-/adminator-1.0.0.tgz",
            "integrity": "sha1-TNMm5JTZsIfQCOmghk9OxTFDUsU=",
            "requires": {
                "babel-polyfill": "^6.26.0",
                "bootstrap": "^4.0.0",
                "bootstrap-datepicker": "^1.7.1",
                "chart.js": "^2.7.1",
                "datatables": "^1.10.13",
                "easy-pie-chart": "^2.1.7",
                "file-loader": "^1.1.5",
                "fullcalendar": "^3.6.2",
                "jquery": "^3.2.1",
                "jquery-sparkline": "^2.4.0",
                "jvectormap": "^2.0.4",
                "load-google-maps-api": "^1.0.0",
                "lodash": "^4.17.4",
                "masonry-layout": "^4.2.0",
                "moment": "^2.19.1",
                "perfect-scrollbar": "^1.1.0",
                "popper.js": "^1.12.6",
                "skycons": "^1.0.0"
            }
        },
        "ajv": {
            "version": "6.10.2",
            "resolved": "https://registry.npmjs.org/ajv/-/ajv-6.10.2.tgz",
            "integrity": "sha512-TXtUUEYHuaTEbLZWIKUr5pmBuhDLy+8KYtPYdcV8qC+pOZL+NKqYwvWSRrVXHn+ZmRRAu8vJTAznH7Oag6RVRw==",
            "requires": {
                "fast-deep-equal": "^2.0.1",
                "fast-json-stable-stringify": "^2.0.0",
                "json-schema-traverse": "^0.4.1",
                "uri-js": "^4.2.2"
            }
        },
        "ajv-keywords": {
            "version": "3.4.1",
            "resolved": "https://registry.npmjs.org/ajv-keywords/-/ajv-keywords-3.4.1.tgz",
            "integrity": "sha512-RO1ibKvd27e6FEShVFfPALuHI3WjSVNeK5FIsmme/LYRNxjKuNj+Dt7bucLa6NdSv3JcVTyMlm9kGR84z1XpaQ=="
        },
        "babel-polyfill": {
            "version": "6.26.0",
            "resolved": "https://registry.npmjs.org/babel-polyfill/-/babel-polyfill-6.26.0.tgz",
            "integrity": "sha1-N5k3q8Z9eJWXCtxiHyhM2WbPIVM=",
            "requires": {
                "babel-runtime": "^6.26.0",
                "core-js": "^2.5.0",
                "regenerator-runtime": "^0.10.5"
            }
        },
        "babel-runtime": {
            "version": "6.26.0",
            "resolved": "https://registry.npmjs.org/babel-runtime/-/babel-runtime-6.26.0.tgz",
            "integrity": "sha1-llxwWGaOgrVde/4E/yM3vItWR/4=",
            "requires": {
                "core-js": "^2.4.0",
                "regenerator-runtime": "^0.11.0"
            },
            "dependencies": {
                "regenerator-runtime": {
                    "version": "0.11.1",
                    "resolved": "https://registry.npmjs.org/regenerator-runtime/-/regenerator-runtime-0.11.1.tgz",
                    "integrity": "sha512-MguG95oij0fC3QV3URf4V2SDYGJhJnJGqvIIgdECeODCT98wSWDAJ94SSuVpYQUoTcGUIL6L4yNB7j1DFFHSBg=="
                }
            }
        },
        "big.js": {
            "version": "5.2.2",
            "resolved": "https://registry.npmjs.org/big.js/-/big.js-5.2.2.tgz",
            "integrity": "sha512-vyL2OymJxmarO8gxMr0mhChsO9QGwhynfuu4+MHTAW6czfq9humCB7rKpUjDd9YUiDPU4mzpyupFSvOClAwbmQ=="
        },
        "bootstrap": {
            "version": "4.3.1",
            "resolved": "https://registry.npmjs.org/bootstrap/-/bootstrap-4.3.1.tgz",
            "integrity": "sha512-rXqOmH1VilAt2DyPzluTi2blhk17bO7ef+zLLPlWvG494pDxcM234pJ8wTc/6R40UWizAIIMgxjvxZg5kmsbag=="
        },
        "bootstrap-datepicker": {
            "version": "1.9.0",
            "resolved": "https://registry.npmjs.org/bootstrap-datepicker/-/bootstrap-datepicker-1.9.0.tgz",
            "integrity": "sha512-9rYYbaVOheGYxjOr/+bJCmRPihfy+LkLSg4fIFMT9Od8WwWB/MB50w0JO1eBgKUMbb7PFHQD5uAfI3ArAxZRXA==",
            "requires": {
                "jquery": ">=1.7.1 <4.0.0"
            }
        },
        "chart.js": {
            "version": "2.8.0",
            "resolved": "https://registry.npmjs.org/chart.js/-/chart.js-2.8.0.tgz",
            "integrity": "sha512-Di3wUL4BFvqI5FB5K26aQ+hvWh8wnP9A3DWGvXHVkO13D3DSnaSsdZx29cXlEsYKVkn1E2az+ZYFS4t0zi8x0w==",
            "requires": {
                "chartjs-color": "^2.1.0",
                "moment": "^2.10.2"
            }
        },
        "chartjs-color": {
            "version": "2.3.0",
            "resolved": "https://registry.npmjs.org/chartjs-color/-/chartjs-color-2.3.0.tgz",
            "integrity": "sha512-hEvVheqczsoHD+fZ+tfPUE+1+RbV6b+eksp2LwAhwRTVXEjCSEavvk+Hg3H6SZfGlPh/UfmWKGIvZbtobOEm3g==",
            "requires": {
                "chartjs-color-string": "^0.6.0",
                "color-convert": "^0.5.3"
            }
        },
        "chartjs-color-string": {
            "version": "0.6.0",
            "resolved": "https://registry.npmjs.org/chartjs-color-string/-/chartjs-color-string-0.6.0.tgz",
            "integrity": "sha512-TIB5OKn1hPJvO7JcteW4WY/63v6KwEdt6udfnDE9iCAZgy+V4SrbSxoIbTw/xkUIapjEI4ExGtD0+6D3KyFd7A==",
            "requires": {
                "color-name": "^1.0.0"
            }
        },
        "color-convert": {
            "version": "0.5.3",
            "resolved": "https://registry.npmjs.org/color-convert/-/color-convert-0.5.3.tgz",
            "integrity": "sha1-vbbGnOZg+t/+CwAHzER+G59ygr0="
        },
        "color-name": {
            "version": "1.1.4",
            "resolved": "https://registry.npmjs.org/color-name/-/color-name-1.1.4.tgz",
            "integrity": "sha512-dOy+3AuW3a2wNbZHIuMZpTcgjGuLU/uBL/ubcZF9OXbDo8ff4O8yVp5Bf0efS8uEoYo5q4Fx7dY9OgQGXgAsQA=="
        },
        "core-js": {
            "version": "2.6.9",
            "resolved": "https://registry.npmjs.org/core-js/-/core-js-2.6.9.tgz",
            "integrity": "sha512-HOpZf6eXmnl7la+cUdMnLvUxKNqLUzJvgIziQ0DiF3JwSImNphIqdGqzj6hIKyX04MmV0poclQ7+wjWvxQyR2A=="
        },
        "datatables": {
            "version": "1.10.18",
            "resolved": "https://registry.npmjs.org/datatables/-/datatables-1.10.18.tgz",
            "integrity": "sha512-ntatMgS9NN6UMpwbmO+QkYJuKlVeMA2Mi0Gu/QxyIh+dW7ZjLSDhPT2tWlzjpIWEkDYgieDzS9Nu7bdQCW0sbQ==",
            "requires": {
                "jquery": ">=1.7"
            }
        },
        "desandro-matches-selector": {
            "version": "2.0.2",
            "resolved": "https://registry.npmjs.org/desandro-matches-selector/-/desandro-matches-selector-2.0.2.tgz",
            "integrity": "sha1-cXvu1NwT59jzdi9wem1YpndCGOE="
        },
        "easy-pie-chart": {
            "version": "2.1.7",
            "resolved": "https://registry.npmjs.org/easy-pie-chart/-/easy-pie-chart-2.1.7.tgz",
            "integrity": "sha1-NeSft9r5qU5SuClPUWJpGbyu58w="
        },
        "emojis-list": {
            "version": "2.1.0",
            "resolved": "https://registry.npmjs.org/emojis-list/-/emojis-list-2.1.0.tgz",
            "integrity": "sha1-TapNnbAPmBmIDHn6RXrlsJof04k="
        },
        "ev-emitter": {
            "version": "1.1.1",
            "resolved": "https://registry.npmjs.org/ev-emitter/-/ev-emitter-1.1.1.tgz",
            "integrity": "sha512-ipiDYhdQSCZ4hSbX4rMW+XzNKMD1prg/sTvoVmSLkuQ1MVlwjJQQA+sW8tMYR3BLUr9KjodFV4pvzunvRhd33Q=="
        },
        "fast-deep-equal": {
            "version": "2.0.1",
            "resolved": "https://registry.npmjs.org/fast-deep-equal/-/fast-deep-equal-2.0.1.tgz",
            "integrity": "sha1-ewUhjd+WZ79/Nwv3/bLLFf3Qqkk="
        },
        "fast-json-stable-stringify": {
            "version": "2.0.0",
            "resolved": "https://registry.npmjs.org/fast-json-stable-stringify/-/fast-json-stable-stringify-2.0.0.tgz",
            "integrity": "sha1-1RQsDK7msRifh9OnYREGT4bIu/I="
        },
        "file-loader": {
            "version": "1.1.11",
            "resolved": "https://registry.npmjs.org/file-loader/-/file-loader-1.1.11.tgz",
            "integrity": "sha512-TGR4HU7HUsGg6GCOPJnFk06RhWgEWFLAGWiT6rcD+GRC2keU3s9RGJ+b3Z6/U73jwwNb2gKLJ7YCrp+jvU4ALg==",
            "requires": {
                "loader-utils": "^1.0.2",
                "schema-utils": "^0.4.5"
            }
        },
        "fizzy-ui-utils": {
            "version": "2.0.7",
            "resolved": "https://registry.npmjs.org/fizzy-ui-utils/-/fizzy-ui-utils-2.0.7.tgz",
            "integrity": "sha512-CZXDVXQ1If3/r8s0T+v+qVeMshhfcuq0rqIFgJnrtd+Bu8GmDmqMjntjUePypVtjHXKJ6V4sw9zeyox34n9aCg==",
            "requires": {
                "desandro-matches-selector": "^2.0.0"
            }
        },
        "fullcalendar": {
            "version": "3.10.1",
            "resolved": "https://registry.npmjs.org/fullcalendar/-/fullcalendar-3.10.1.tgz",
            "integrity": "sha512-E0ioaHVmwdS4es8pNTUNva7505wPkUMFdn9JGFLYo+J12ARhN3zDBwoPj2DfB8rL7Yc1sSve+FqDHC3s2SZ7Fw=="
        },
        "get-size": {
            "version": "2.0.3",
            "resolved": "https://registry.npmjs.org/get-size/-/get-size-2.0.3.tgz",
            "integrity": "sha512-lXNzT/h/dTjTxRbm9BXb+SGxxzkm97h/PCIKtlN/CBCxxmkkIVV21udumMS93MuVTDX583gqc94v3RjuHmI+2Q=="
        },
        "jquery": {
            "version": "3.4.1",
            "resolved": "https://registry.npmjs.org/jquery/-/jquery-3.4.1.tgz",
            "integrity": "sha512-36+AdBzCL+y6qjw5Tx7HgzeGCzC81MDDgaUP8ld2zhx58HdqXGoBd+tHdrBMiyjGQs0Hxs/MLZTu/eHNJJuWPw=="
        },
        "jquery-sparkline": {
            "version": "2.4.0",
            "resolved": "https://registry.npmjs.org/jquery-sparkline/-/jquery-sparkline-2.4.0.tgz",
            "integrity": "sha1-G+i3twTdOFcVJwiu+x1KSzpp+zM="
        },
        "json-schema-traverse": {
            "version": "0.4.1",
            "resolved": "https://registry.npmjs.org/json-schema-traverse/-/json-schema-traverse-0.4.1.tgz",
            "integrity": "sha512-xbbCH5dCYU5T8LcEhhuh7HJ88HXuW3qsI3Y0zOZFKfZEHcpWiHU/Jxzk629Brsab/mMiHQti9wMP+845RPe3Vg=="
        },
        "json5": {
            "version": "1.0.1",
            "resolved": "https://registry.npmjs.org/json5/-/json5-1.0.1.tgz",
            "integrity": "sha512-aKS4WQjPenRxiQsC93MNfjx+nbF4PAdYzmd/1JIj8HYzqfbu86beTuNgXDzPknWk0n0uARlyewZo4s++ES36Ow==",
            "requires": {
                "minimist": "^1.2.0"
            }
        },
        "jvectormap": {
            "version": "2.0.4",
            "resolved": "https://registry.npmjs.org/jvectormap/-/jvectormap-2.0.4.tgz",
            "integrity": "sha1-eRPhV3KFwVbtoVZDD5DtWtoGjks=",
            "requires": {
                "jquery": ">=1.5"
            }
        },
        "load-google-maps-api": {
            "version": "1.3.3",
            "resolved": "https://registry.npmjs.org/load-google-maps-api/-/load-google-maps-api-1.3.3.tgz",
            "integrity": "sha512-THOSdgymg98eQz8KcZZ2BGjVQIcpMBMUxjKb+0vkgXPQauK238zMNBgUoQBb9JzoP73J9Qgq9dvyHGu3oYvBMQ=="
        },
        "loader-utils": {
            "version": "1.2.3",
            "resolved": "https://registry.npmjs.org/loader-utils/-/loader-utils-1.2.3.tgz",
            "integrity": "sha512-fkpz8ejdnEMG3s37wGL07iSBDg99O9D5yflE9RGNH3hRdx9SOwYfnGYdZOUIZitN8E+E2vkq3MUMYMvPYl5ZZA==",
            "requires": {
                "big.js": "^5.2.2",
                "emojis-list": "^2.0.0",
                "json5": "^1.0.1"
            }
        },
        "lodash": {
            "version": "4.17.15",
            "resolved": "https://registry.npmjs.org/lodash/-/lodash-4.17.15.tgz",
            "integrity": "sha512-8xOcRHvCjnocdS5cpwXQXVzmmh5e5+saE2QGoeQmbKmRS6J3VQppPOIt0MnmE+4xlZoumy0GPG0D0MVIQbNA1A=="
        },
        "masonry-layout": {
            "version": "4.2.2",
            "resolved": "https://registry.npmjs.org/masonry-layout/-/masonry-layout-4.2.2.tgz",
            "integrity": "sha512-iGtAlrpHNyxaR19CvKC3npnEcAwszXoyJiI8ARV2ePi7fmYhIud25MHK8Zx4P0LCC4d3TNO9+rFa1KoK1OEOaA==",
            "requires": {
                "get-size": "^2.0.2",
                "outlayer": "^2.1.0"
            }
        },
        "minimist": {
            "version": "1.2.0",
            "resolved": "https://registry.npmjs.org/minimist/-/minimist-1.2.0.tgz",
            "integrity": "sha1-o1AIsg9BOD7sH7kU9M1d95omQoQ="
        },
        "moment": {
            "version": "2.24.0",
            "resolved": "https://registry.npmjs.org/moment/-/moment-2.24.0.tgz",
            "integrity": "sha512-bV7f+6l2QigeBBZSM/6yTNq4P2fNpSWj/0e7jQcy87A8e7o2nAfP/34/2ky5Vw4B9S446EtIhodAzkFCcR4dQg=="
        },
        "outlayer": {
            "version": "2.1.1",
            "resolved": "https://registry.npmjs.org/outlayer/-/outlayer-2.1.1.tgz",
            "integrity": "sha1-KYY7beEOpdrf/8rfoNcokHOH6aI=",
            "requires": {
                "ev-emitter": "^1.0.0",
                "fizzy-ui-utils": "^2.0.0",
                "get-size": "^2.0.2"
            }
        },
        "perfect-scrollbar": {
            "version": "1.4.0",
            "resolved": "https://registry.npmjs.org/perfect-scrollbar/-/perfect-scrollbar-1.4.0.tgz",
            "integrity": "sha512-/2Sk/khljhdrsamjJYS5NjrH+GKEHEwh7zFSiYyxROyYKagkE4kSn2zDQDRTOMo8mpT2jikxx6yI1dG7lNP/hw=="
        },
        "popper.js": {
            "version": "1.15.0",
            "resolved": "https://registry.npmjs.org/popper.js/-/popper.js-1.15.0.tgz",
            "integrity": "sha512-w010cY1oCUmI+9KwwlWki+r5jxKfTFDVoadl7MSrIujHU5MJ5OR6HTDj6Xo8aoR/QsA56x8jKjA59qGH4ELtrA=="
        },
        "punycode": {
            "version": "2.1.1",
            "resolved": "https://registry.npmjs.org/punycode/-/punycode-2.1.1.tgz",
            "integrity": "sha512-XRsRjdf+j5ml+y/6GKHPZbrF/8p2Yga0JPtdqTIY2Xe5ohJPD9saDJJLPvp9+NSBprVvevdXZybnj2cv8OEd0A=="
        },
        "regenerator-runtime": {
            "version": "0.10.5",
            "resolved": "https://registry.npmjs.org/regenerator-runtime/-/regenerator-runtime-0.10.5.tgz",
            "integrity": "sha1-M2w+/BIgrc7dosn6tntaeVWjNlg="
        },
        "schema-utils": {
            "version": "0.4.7",
            "resolved": "https://registry.npmjs.org/schema-utils/-/schema-utils-0.4.7.tgz",
            "integrity": "sha512-v/iwU6wvwGK8HbU9yi3/nhGzP0yGSuhQMzL6ySiec1FSrZZDkhm4noOSWzrNFo/jEc+SJY6jRTwuwbSXJPDUnQ==",
            "requires": {
                "ajv": "^6.1.0",
                "ajv-keywords": "^3.1.0"
            }
        },
        "skycons": {
            "version": "1.0.0",
            "resolved": "https://registry.npmjs.org/skycons/-/skycons-1.0.0.tgz",
            "integrity": "sha1-r7FgxZAUcKroRnb7w4u9fdW2nY8="
        },
        "uri-js": {
            "version": "4.2.2",
            "resolved": "https://registry.npmjs.org/uri-js/-/uri-js-4.2.2.tgz",
            "integrity": "sha512-KY9Frmirql91X2Qgjry0Wd4Y+YTdrdZheS8TFwvkbLWf/G5KNJDCh6pKL5OZctEW4+0Baa5idK2ZQuELRwPznQ==",
            "requires": {
                "punycode": "^2.1.0"
            }
        }
    }
}
